
Microsoft Visual Studio Solution File, Format Version 12.00
# Visual Studio Version 17
VisualStudioVersion = 17.3.32929.385
MinimumVisualStudioVersion = 10.0.40219.1
Project("{FAE04EC0-301F-11D3-BF4B-00C04F79EFBC}") = "WebAppCm", "WebAppCm\WebAppCm.csproj", "{D5060B42-5A7D-4349-BF7A-4EC16F565CE2}"
EndProject
Global
	GlobalSection(SolutionConfigurationPlatforms) = preSolution
		Debug|Any CPU = Debug|Any CPU
		Release|Any CPU = Release|Any CPU
	EndGlobalSection
	GlobalSection(ProjectConfigurationPlatforms) = postSolution
		{D5060B42-5A7D-4349-BF7A-4EC16F565CE2}.Debug|Any CPU.ActiveCfg = Debug|Any CPU
		{D5060B42-5A7D-4349-BF7A-4EC16F565CE2}.Debug|Any CPU.Build.0 = Debug|Any CPU
		{D5060B42-5A7D-4349-BF7A-4EC16F565CE2}.Release|Any CPU.ActiveCfg = Release|Any CPU
		{D5060B42-5A7D-4349-BF7A-4EC16F565CE2}.Release|Any CPU.Build.0 = Release|Any CPU
	EndGlobalSection
	GlobalSection(SolutionProperties) = preSolution
		HideSolutionNode = FALSE
	EndGlobalSection
	GlobalSection(ExtensibilityGlobals) = postSolution
		SolutionGuid = {60CDCD05-95BB-4CF0-A749-B2230734E1ED}
	EndGlobalSection
EndGlobal
